
Microsoft Visual Studio Solution File, Format Version 12.00
# Visual Studio 15
VisualStudioVersion = 15.0.28307.271
MinimumVisualStudioVersion = 10.0.40219.1
Project("{FAE04EC0-301F-11D3-BF4B-00C04F79EFBC}") = "PolyNester", "PolyNester\PolyNester.csproj", "{120D3BF0-AB9C-49E5-8033-36B1E0E813DA}"
EndProject
Project("{FAE04EC0-301F-11D3-BF4B-00C04F79EFBC}") = "PolyNesterDemo", "PolyNesterDemo\PolyNesterDemo.csproj", "{EFBE23A5-F0EC-41A0-ADF8-6A36C359A92B}"
EndProject
Global
	GlobalSection(SolutionConfigurationPlatforms) = preSolution
		Debug|Any CPU = Debug|Any CPU
		Release|Any CPU = Release|Any CPU
	EndGlobalSection
	GlobalSection(ProjectConfigurationPlatforms) = postSolution
		{120D3BF0-AB9C-49E5-8033-36B1E0E813DA}.Debug|Any CPU.ActiveCfg = Debug|Any CPU
		{120D3BF0-AB9C-49E5-8033-36B1E0E813DA}.Debug|Any CPU.Build.0 = Debug|Any CPU
		{120D3BF0-AB9C-49E5-8033-36B1E0E813DA}.Release|Any CPU.ActiveCfg = Release|Any CPU
		{120D3BF0-AB9C-49E5-8033-36B1E0E813DA}.Release|Any CPU.Build.0 = Release|Any CPU
		{EFBE23A5-F0EC-41A0-ADF8-6A36C359A92B}.Debug|Any CPU.ActiveCfg = Debug|Any CPU
		{EFBE23A5-F0EC-41A0-ADF8-6A36C359A92B}.Debug|Any CPU.Build.0 = Debug|Any CPU
		{EFBE23A5-F0EC-41A0-ADF8-6A36C359A92B}.Release|Any CPU.ActiveCfg = Release|Any CPU
		{EFBE23A5-F0EC-41A0-ADF8-6A36C359A92B}.Release|Any CPU.Build.0 = Release|Any CPU
	EndGlobalSection
	GlobalSection(SolutionProperties) = preSolution
		HideSolutionNode = FALSE
	EndGlobalSection
	GlobalSection(ExtensibilityGlobals) = postSolution
		SolutionGuid = {FB607F80-DAF0-4EF1-B63E-A511C97D01E0}
	EndGlobalSection
EndGlobal
